
Microsoft Visual Studio Solution File, Format Version 12.00
# Visual Studio 15
VisualStudioVersion = 15.0.27703.2042
MinimumVisualStudioVersion = 10.0.40219.1
Project("{FAE04EC0-301F-11D3-BF4B-00C04F79EFBC}") = "AzureAITestMobile.Android", "AzureAITestMobile\AzureAITestMobile.Android\AzureAITestMobile.Android.csproj", "{C523845C-F2F5-437D-B598-E45D875277B5}"
EndProject
Project("{FAE04EC0-301F-11D3-BF4B-00C04F79EFBC}") = "AzureAITestMobile.iOS", "AzureAITestMobile\AzureAITestMobile.iOS\AzureAITestMobile.iOS.csproj", "{6D612B5C-3EE3-4259-85DC-C42BC334FC5A}"
EndProject
Project("{9A19103F-16F7-4668-BE54-9A1E7A4F7556}") = "AzureAITestMobile", "AzureAITestMobile\AzureAITestMobile\AzureAITestMobile.csproj", "{1A76BB65-5628-4FCE-8BAA-4ED860599044}"
EndProject
Global
	GlobalSection(SolutionConfigurationPlatforms) = preSolution
		Ad-Hoc|Any CPU = Ad-Hoc|Any CPU
		Ad-Hoc|iPhone = Ad-Hoc|iPhone
		Ad-Hoc|iPhoneSimulator = Ad-Hoc|iPhoneSimulator
		AppStore|Any CPU = AppStore|Any CPU
		AppStore|iPhone = AppStore|iPhone
		AppStore|iPhoneSimulator = AppStore|iPhoneSimulator
		Debug|Any CPU = Debug|Any CPU
		Debug|iPhone = Debug|iPhone
		Debug|iPhoneSimulator = Debug|iPhoneSimulator
		Release|Any CPU = Release|Any CPU
		Release|iPhone = Release|iPhone
		Release|iPhoneSimulator = Release|iPhoneSimulator
	EndGlobalSection
	GlobalSection(ProjectConfigurationPlatforms) = postSolution
		{C523845C-F2F5-437D-B598-E45D875277B5}.Ad-Hoc|Any CPU.ActiveCfg = Release|Any CPU
		{C523845C-F2F5-437D-B598-E45D875277B5}.Ad-Hoc|Any CPU.Build.0 = Release|Any CPU
		{C523845C-F2F5-437D-B598-E45D875277B5}.Ad-Hoc|Any CPU.Deploy.0 = Release|Any CPU
		{C523845C-F2F5-437D-B598-E45D875277B5}.Ad-Hoc|iPhone.ActiveCfg = Release|Any CPU
		{C523845C-F2F5-437D-B598-E45D875277B5}.Ad-Hoc|iPhone.Build.0 = Release|Any CPU
		{C523845C-F2F5-437D-B598-E45D875277B5}.Ad-Hoc|iPhone.Deploy.0 = Release|Any CPU
		{C523845C-F2F5-437D-B598-E45D875277B5}.Ad-Hoc|iPhoneSimulator.ActiveCfg = Release|Any CPU
		{C523845C-F2F5-437D-B598-E45D875277B5}.Ad-Hoc|iPhoneSimulator.Build.0 = Release|Any CPU
		{C523845C-F2F5-437D-B598-E45D875277B5}.Ad-Hoc|iPhoneSimulator.Deploy.0 = Release|Any CPU
		{C523845C-F2F5-437D-B598-E45D875277B5}.AppStore|Any CPU.ActiveCfg = Release|Any CPU
		{C523845C-F2F5-437D-B598-E45D875277B5}.AppStore|Any CPU.Build.0 = Release|Any CPU
		{C523845C-F2F5-437D-B598-E45D875277B5}.AppStore|Any CPU.Deploy.0 = Release|Any CPU
		{C523845C-F2F5-437D-B598-E45D875277B5}.AppStore|iPhone.ActiveCfg = Release|Any CPU
		{C523845C-F2F5-437D-B598-E45D875277B5}.AppStore|iPhone.Build.0 = Release|Any CPU
		{C523845C-F2F5-437D-B598-E45D875277B5}.AppStore|iPhone.Deploy.0 = Release|Any CPU
		{C523845C-F2F5-437D-B598-E45D875277B5}.AppStore|iPhoneSimulator.ActiveCfg = Release|Any CPU
		{C523845C-F2F5-437D-B598-E45D875277B5}.AppStore|iPhoneSimulator.Build.0 = Release|Any CPU
		{C523845C-F2F5-437D-B598-E45D875277B5}.AppStore|iPhoneSimulator.Deploy.0 = Release|Any CPU
		{C523845C-F2F5-437D-B598-E45D875277B5}.Debug|Any CPU.ActiveCfg = Debug|Any CPU
		{C523845C-F2F5-437D-B598-E45D875277B5}.Debug|Any CPU.Build.0 = Debug|Any CPU
		{C523845C-F2F5-437D-B598-E45D875277B5}.Debug|Any CPU.Deploy.0 = Debug|Any CPU
		{C523845C-F2F5-437D-B598-E45D875277B5}.Debug|iPhone.ActiveCfg = Debug|Any CPU
		{C523845C-F2F5-437D-B598-E45D875277B5}.Debug|iPhone.Build.0 = Debug|Any CPU
		{C523845C-F2F5-437D-B598-E45D875277B5}.Debug|iPhone.Deploy.0 = Debug|Any CPU
		{C523845C-F2F5-437D-B598-E45D875277B5}.Debug|iPhoneSimulator.ActiveCfg = Debug|Any CPU
		{C523845C-F2F5-437D-B598-E45D875277B5}.Debug|iPhoneSimulator.Build.0 = Debug|Any CPU
		{C523845C-F2F5-437D-B598-E45D875277B5}.Debug|iPhoneSimulator.Deploy.0 = Debug|Any CPU
		{C523845C-F2F5-437D-B598-E45D875277B5}.Release|Any CPU.ActiveCfg = Release|Any CPU
		{C523845C-F2F5-437D-B598-E45D875277B5}.Release|Any CPU.Build.0 = Release|Any CPU
		{C523845C-F2F5-437D-B598-E45D875277B5}.Release|Any CPU.Deploy.0 = Release|Any CPU
		{C523845C-F2F5-437D-B598-E45D875277B5}.Release|iPhone.ActiveCfg = Release|Any CPU
		{C523845C-F2F5-437D-B598-E45D875277B5}.Release|iPhone.Build.0 = Release|Any CPU
		{C523845C-F2F5-437D-B598-E45D875277B5}.Release|iPhone.Deploy.0 = Release|Any CPU
		{C523845C-F2F5-437D-B598-E45D875277B5}.Release|iPhoneSimulator.ActiveCfg = Release|Any CPU
		{C523845C-F2F5-437D-B598-E45D875277B5}.Release|iPhoneSimulator.Build.0 = Release|Any CPU
		{C523845C-F2F5-437D-B598-E45D875277B5}.Release|iPhoneSimulator.Deploy.0 = Release|Any CPU
		{6D612B5C-3EE3-4259-85DC-C42BC334FC5A}.Ad-Hoc|Any CPU.ActiveCfg = Ad-Hoc|iPhone
		{6D612B5C-3EE3-4259-85DC-C42BC334FC5A}.Ad-Hoc|Any CPU.Build.0 = Ad-Hoc|iPhone
		{6D612B5C-3EE3-4259-85DC-C42BC334FC5A}.Ad-Hoc|Any CPU.Deploy.0 = Ad-Hoc|iPhone
		{6D612B5C-3EE3-4259-85DC-C42BC334FC5A}.Ad-Hoc|iPhone.ActiveCfg = Ad-Hoc|iPhone
		{6D612B5C-3EE3-4259-85DC-C42BC334FC5A}.Ad-Hoc|iPhone.Build.0 = Ad-Hoc|iPhone
		{6D612B5C-3EE3-4259-85DC-C42BC334FC5A}.Ad-Hoc|iPhone.Deploy.0 = Ad-Hoc|iPhone
		{6D612B5C-3EE3-4259-85DC-C42BC334FC5A}.Ad-Hoc|iPhoneSimulator.ActiveCfg = Ad-Hoc|iPhoneSimulator
		{6D612B5C-3EE3-4259-85DC-C42BC334FC5A}.Ad-Hoc|iPhoneSimulator.Build.0 = Ad-Hoc|iPhoneSimulator
		{6D612B5C-3EE3-4259-85DC-C42BC334FC5A}.Ad-Hoc|iPhoneSimulator.Deploy.0 = Ad-Hoc|iPhoneSimulator
		{6D612B5C-3EE3-4259-85DC-C42BC334FC5A}.AppStore|Any CPU.ActiveCfg = AppStore|iPhone
		{6D612B5C-3EE3-4259-85DC-C42BC334FC5A}.AppStore|Any CPU.Build.0 = AppStore|iPhone
		{6D612B5C-3EE3-4259-85DC-C42BC334FC5A}.AppStore|Any CPU.Deploy.0 = AppStore|iPhone
		{6D612B5C-3EE3-4259-85DC-C42BC334FC5A}.AppStore|iPhone.ActiveCfg = AppStore|iPhone
		{6D612B5C-3EE3-4259-85DC-C42BC334FC5A}.AppStore|iPhone.Build.0 = AppStore|iPhone
		{6D612B5C-3EE3-4259-85DC-C42BC334FC5A}.AppStore|iPhone.Deploy.0 = AppStore|iPhone
		{6D612B5C-3EE3-4259-85DC-C42BC334FC5A}.AppStore|iPhoneSimulator.ActiveCfg = AppStore|iPhoneSimulator
		{6D612B5C-3EE3-4259-85DC-C42BC334FC5A}.AppStore|iPhoneSimulator.Build.0 = AppStore|iPhoneSimulator
		{6D612B5C-3EE3-4259-85DC-C42BC334FC5A}.AppStore|iPhoneSimulator.Deploy.0 = AppStore|iPhoneSimulator
		{6D612B5C-3EE3-4259-85DC-C42BC334FC5A}.Debug|Any CPU.ActiveCfg = Debug|iPhoneSimulator
		{6D612B5C-3EE3-4259-85DC-C42BC334FC5A}.Debug|Any CPU.Build.0 = Debug|iPhoneSimulator
		{6D612B5C-3EE3-4259-85DC-C42BC334FC5A}.Debug|Any CPU.Deploy.0 = Debug|iPhoneSimulator
		{6D612B5C-3EE3-4259-85DC-C42BC334FC5A}.Debug|iPhone.ActiveCfg = Debug|iPhone
		{6D612B5C-3EE3-4259-85DC-C42BC334FC5A}.Debug|iPhone.Build.0 = Debug|iPhone
		{6D612B5C-3EE3-4259-85DC-C42BC334FC5A}.Debug|iPhone.Deploy.0 = Debug|iPhone
		{6D612B5C-3EE3-4259-85DC-C42BC334FC5A}.Debug|iPhoneSimulator.ActiveCfg = Debug|iPhoneSimulator
		{6D612B5C-3EE3-4259-85DC-C42BC334FC5A}.Debug|iPhoneSimulator.Build.0 = Debug|iPhoneSimulator
		{6D612B5C-3EE3-4259-85DC-C42BC334FC5A}.Debug|iPhoneSimulator.Deploy.0 = Debug|iPhoneSimulator
		{6D612B5C-3EE3-4259-85DC-C42BC334FC5A}.Release|Any CPU.ActiveCfg = Release|iPhone
		{6D612B5C-3EE3-4259-85DC-C42BC334FC5A}.Release|Any CPU.Build.0 = Release|iPhone
		{6D612B5C-3EE3-4259-85DC-C42BC334FC5A}.Release|Any CPU.Deploy.0 = Release|iPhone
		{6D612B5C-3EE3-4259-85DC-C42BC334FC5A}.Release|iPhone.ActiveCfg = Release|iPhone
		{6D612B5C-3EE3-4259-85DC-C42BC334FC5A}.Release|iPhone.Build.0 = Release|iPhone
		{6D612B5C-3EE3-4259-85DC-C42BC334FC5A}.Release|iPhone.Deploy.0 = Release|iPhone
		{6D612B5C-3EE3-4259-85DC-C42BC334FC5A}.Release|iPhoneSimulator.ActiveCfg = Release|iPhoneSimulator
		{6D612B5C-3EE3-4259-85DC-C42BC334FC5A}.Release|iPhoneSimulator.Build.0 = Release|iPhoneSimulator
		{6D612B5C-3EE3-4259-85DC-C42BC334FC5A}.Release|iPhoneSimulator.Deploy.0 = Release|iPhoneSimulator
		{1A76BB65-5628-4FCE-8BAA-4ED860599044}.Ad-Hoc|Any CPU.ActiveCfg = Debug|Any CPU
		{1A76BB65-5628-4FCE-8BAA-4ED860599044}.Ad-Hoc|Any CPU.Build.0 = Debug|Any CPU
		{1A76BB65-5628-4FCE-8BAA-4ED860599044}.Ad-Hoc|Any CPU.Deploy.0 = Debug|Any CPU
		{1A76BB65-5628-4FCE-8BAA-4ED860599044}.Ad-Hoc|iPhone.ActiveCfg = Debug|Any CPU
		{1A76BB65-5628-4FCE-8BAA-4ED860599044}.Ad-Hoc|iPhone.Build.0 = Debug|Any CPU
		{1A76BB65-5628-4FCE-8BAA-4ED860599044}.Ad-Hoc|iPhone.Deploy.0 = Debug|Any CPU
		{1A76BB65-5628-4FCE-8BAA-4ED860599044}.Ad-Hoc|iPhoneSimulator.ActiveCfg = Debug|Any CPU
		{1A76BB65-5628-4FCE-8BAA-4ED860599044}.Ad-Hoc|iPhoneSimulator.Build.0 = Debug|Any CPU
		{1A76BB65-5628-4FCE-8BAA-4ED860599044}.Ad-Hoc|iPhoneSimulator.Deploy.0 = Debug|Any CPU
		{1A76BB65-5628-4FCE-8BAA-4ED860599044}.AppStore|Any CPU.ActiveCfg = Debug|Any CPU
		{1A76BB65-5628-4FCE-8BAA-4ED860599044}.AppStore|Any CPU.Build.0 = Debug|Any CPU
		{1A76BB65-5628-4FCE-8BAA-4ED860599044}.AppStore|Any CPU.Deploy.0 = Debug|Any CPU
		{1A76BB65-5628-4FCE-8BAA-4ED860599044}.AppStore|iPhone.ActiveCfg = Debug|Any CPU
		{1A76BB65-5628-4FCE-8BAA-4ED860599044}.AppStore|iPhone.Build.0 = Debug|Any CPU
		{1A76BB65-5628-4FCE-8BAA-4ED860599044}.AppStore|iPhone.Deploy.0 = Debug|Any CPU
		{1A76BB65-5628-4FCE-8BAA-4ED860599044}.AppStore|iPhoneSimulator.ActiveCfg = Debug|Any CPU
		{1A76BB65-5628-4FCE-8BAA-4ED860599044}.AppStore|iPhoneSimulator.Build.0 = Debug|Any CPU
		{1A76BB65-5628-4FCE-8BAA-4ED860599044}.AppStore|iPhoneSimulator.Deploy.0 = Debug|Any CPU
		{1A76BB65-5628-4FCE-8BAA-4ED860599044}.Debug|Any CPU.ActiveCfg = Debug|Any CPU
		{1A76BB65-5628-4FCE-8BAA-4ED860599044}.Debug|Any CPU.Build.0 = Debug|Any CPU
		{1A76BB65-5628-4FCE-8BAA-4ED860599044}.Debug|Any CPU.Deploy.0 = Debug|Any CPU
		{1A76BB65-5628-4FCE-8BAA-4ED860599044}.Debug|iPhone.ActiveCfg = Debug|Any CPU
		{1A76BB65-5628-4FCE-8BAA-4ED860599044}.Debug|iPhone.Build.0 = Debug|Any CPU
		{1A76BB65-5628-4FCE-8BAA-4ED860599044}.Debug|iPhone.Deploy.0 = Debug|Any CPU
		{1A76BB65-5628-4FCE-8BAA-4ED860599044}.Debug|iPhoneSimulator.ActiveCfg = Debug|Any CPU
		{1A76BB65-5628-4FCE-8BAA-4ED860599044}.Debug|iPhoneSimulator.Build.0 = Debug|Any CPU
		{1A76BB65-5628-4FCE-8BAA-4ED860599044}.Debug|iPhoneSimulator.Deploy.0 = Debug|Any CPU
		{1A76BB65-5628-4FCE-8BAA-4ED860599044}.Release|Any CPU.ActiveCfg = Release|Any CPU
		{1A76BB65-5628-4FCE-8BAA-4ED860599044}.Release|Any CPU.Build.0 = Release|Any CPU
		{1A76BB65-5628-4FCE-8BAA-4ED860599044}.Release|Any CPU.Deploy.0 = Release|Any CPU
		{1A76BB65-5628-4FCE-8BAA-4ED860599044}.Release|iPhone.ActiveCfg = Release|Any CPU
		{1A76BB65-5628-4FCE-8BAA-4ED860599044}.Release|iPhone.Build.0 = Release|Any CPU
		{1A76BB65-5628-4FCE-8BAA-4ED860599044}.Release|iPhone.Deploy.0 = Release|Any CPU
		{1A76BB65-5628-4FCE-8BAA-4ED860599044}.Release|iPhoneSimulator.ActiveCfg = Release|Any CPU
		{1A76BB65-5628-4FCE-8BAA-4ED860599044}.Release|iPhoneSimulator.Build.0 = Release|Any CPU
		{1A76BB65-5628-4FCE-8BAA-4ED860599044}.Release|iPhoneSimulator.Deploy.0 = Release|Any CPU
	EndGlobalSection
	GlobalSection(SolutionProperties) = preSolution
		HideSolutionNode = FALSE
	EndGlobalSection
	GlobalSection(ExtensibilityGlobals) = postSolution
		SolutionGuid = {3DAA6F7F-22AD-44A1-81DA-2AA3E8831298}
	EndGlobalSection
EndGlobal
